github.com/shawntoffel/election v0.6.0 h1:xKi97y01zzhbfsKgVbaXpPEvlYagrwmaV/lwCNiM+rM=
github.com/shawntoffel/election v0.6.0/go.mod h1:WDRcIn3T69rMGsjgs/PhOoGyJNbf/tCH5YQxXBsnySg=
github.com/shawntoffel/goblt v0.0.2 h1:4pn0wz9p5zEq9Bg/HF+Ich0MGdS06WoqcGQ6bh4mDw0=
github.com/shawntoffel/goblt v0.0.2/go.mod h1:OcDOhbZpj5O9xT7AT4be+Nssu9VZMG8i3ZLKoBn6Dq0=
github.com/shawntoffel/math v0.0.1 h1:bTb6ZmruitLfcdrqmRlQ4x3J8y/uX7RcwDNjvt7ZWt4=
github.com/shawntoffel/math v0.0.1/go.mod h1:IkZ69AVi0koRMNdl/oqI19q0+EOIYG7tUgGky6D1pAQ=
