github.com/shawntoffel/election v0.1.0 h1:V6tl/Zaa4mzbWy6C520czQoEq1q75vAlgjeo9NJPVKc=
github.com/shawntoffel/election v0.1.0/go.mod h1:U1otwOGwTO/qjtIBJ26z6YlMXng7pjN+69qPX1ZKjK8=
github.com/shawntoffel/math v0.0.1 h1:bTb6ZmruitLfcdrqmRlQ4x3J8y/uX7RcwDNjvt7ZWt4=
github.com/shawntoffel/math v0.0.1/go.mod h1:IkZ69AVi0koRMNdl/oqI19q0+EOIYG7tUgGky6D1pAQ=
